<?xml version="1.0" encoding="utf-8"?>
<Project ToolsVersion="4.0" xmlns="http://schemas.microsoft.com/developer/msbuild/2003">
  <ItemGroup>
    <ClCompile Include="Component.cpp">
      <Filter>Source Files\Component</Filter>
    </ClCompile>
    <ClCompile Include="Button.cpp">
      <Filter>Source Files\Component</Filter>
    </ClCompile>
    <ClCompile Include="Crouch.cpp">
      <Filter>Source Files\Component</Filter>
    </ClCompile>
    <ClCompile Include="App.cpp">
      <Filter>Source Files</Filter>
    </ClCompile>
    <ClCompile Include="main.cpp">
      <Filter>Source Files</Filter>
    </ClCompile>
    <ClCompile Include="AssetsManager.cpp">
      <Filter>Source Files\Manager and factorys</Filter>
    </ClCompile>
    <ClCompile Include="Entity.cpp">
      <Filter>Source Files\Entitys</Filter>
    </ClCompile>
    <ClCompile Include="CharacterSelection.cpp">
      <Filter>Source Files\GameState</Filter>
    </ClCompile>
    <ClCompile Include="Fight.cpp">
      <Filter>Source Files\GameState</Filter>
    </ClCompile>
    <ClCompile Include="FactoryMk.cpp">
      <Filter>Source Files\Manager and factorys</Filter>
    </ClCompile>
    <ClCompile Include="Health.cpp">
      <Filter>Source Files\Component</Filter>
    </ClCompile>
    <ClCompile Include="IndexSlider.cpp">
      <Filter>Source Files\Component</Filter>
    </ClCompile>
    <ClCompile Include="OptionsLogic.cpp">
      <Filter>Source Files\Component</Filter>
    </ClCompile>
    <ClCompile Include="MainMenu.cpp">
      <Filter>Source Files\GameState</Filter>
    </ClCompile>
    <ClCompile Include="RenderAnimation.cpp">
      <Filter>Source Files\Component</Filter>
    </ClCompile>
    <ClCompile Include="PauseMenu.cpp">
      <Filter>Source Files\GameState</Filter>
    </ClCompile>
    <ClCompile Include="OptionsMenu.cpp">
      <Filter>Source Files\GameState</Filter>
    </ClCompile>
    <ClCompile Include="PhysicsTransform.cpp">
      <Filter>Source Files\Component</Filter>
    </ClCompile>
    <ClCompile Include="Slider.cpp">
      <Filter>Source Files\Component</Filter>
    </ClCompile>
    <ClCompile Include="TextComponent.cpp">
      <Filter>Source Files\Component</Filter>
    </ClCompile>
    <ClCompile Include="Transform.cpp">
      <Filter>Source Files\Component</Filter>
    </ClCompile>
    <ClCompile Include="VerticalSlider.cpp">
      <Filter>Source Files\Component</Filter>
    </ClCompile>
    <ClCompile Include="SkillSelection.cpp">
      <Filter>Source Files\GameState</Filter>
    </ClCompile>
    <ClCompile Include="InputManager.cpp">
      <Filter>Source Files\Manager and factorys</Filter>
    </ClCompile>
    <ClCompile Include="Training.cpp">
      <Filter>Source Files\GameState</Filter>
    </ClCompile>
    <ClCompile Include="HitboxMng.cpp">
      <Filter>Source Files\Manager and factorys</Filter>
    </ClCompile>
    <ClCompile Include="UIFactory.cpp">
      <Filter>Source Files\Manager and factorys</Filter>
    </ClCompile>
    <ClCompile Include="RenderImage.cpp">
      <Filter>Source Files\Component</Filter>
    </ClCompile>
    <ClCompile Include="EntityManager.cpp">
      <Filter>Source Files\Manager and factorys</Filter>
    </ClCompile>
    <ClCompile Include="GameState.cpp">
      <Filter>Source Files\GameState</Filter>
    </ClCompile>
    <ClCompile Include="Jump.cpp">
      <Filter>Source Files\Component</Filter>
    </ClCompile>
    <ClCompile Include="PlayerController.cpp">
      <Filter>Source Files\Component</Filter>
    </ClCompile>
    <ClCompile Include="AnimationChain.cpp">
      <Filter>Source Files\type</Filter>
    </ClCompile>
    <ClCompile Include="Font.cpp">
      <Filter>Source Files\type</Filter>
    </ClCompile>
    <ClCompile Include="Move.cpp">
      <Filter>Source Files\type</Filter>
    </ClCompile>
    <ClCompile Include="MoveParser.cpp">
      <Filter>Source Files\type</Filter>
    </ClCompile>
    <ClCompile Include="SacoTimer.cpp">
      <Filter>Source Files\Component</Filter>
    </ClCompile>
    <ClCompile Include="Text.cpp">
      <Filter>Source Files\type</Filter>
    </ClCompile>
    <ClCompile Include="Texture.cpp">
      <Filter>Source Files\type</Filter>
    </ClCompile>
    <ClCompile Include="Vector2D.cpp">
      <Filter>Source Files\type</Filter>
    </ClCompile>
    <ClCompile Include="WindowManager.cpp">
      <Filter>Source Files\Manager and factorys</Filter>
    </ClCompile>
    <ClCompile Include="GameStateMachine.cpp">
      <Filter>Source Files\Manager and factorys</Filter>
    </ClCompile>
    <ClCompile Include="PlayerAttacks.cpp">
      <Filter>Source Files\Component</Filter>
    </ClCompile>
    <ClCompile Include="Health.cpp">
      <Filter>Archivos de origen\Components</Filter>
    </ClCompile>
    <ClCompile Include="FloorOnHit.cpp">
      <Filter>Source Files\Component</Filter>
    </ClCompile>
    <ClCompile Include="LinkedGrid.cpp" />
    <ClCompile Include="SDLDebugDraw.cpp">
      <Filter>Source Files\type</Filter>
    </ClCompile>
    <ClCompile Include="NavigationController.cpp">
      <Filter>Source Files\Component</Filter>
    </ClCompile>
    <ClCompile Include="MovementsMenu.cpp">
      <Filter>Source Files\GameState</Filter>
    </ClCompile>
  </ItemGroup>
  <ItemGroup>
    <ClInclude Include="App.h">
      <Filter>Header files</Filter>
    </ClInclude>
    <ClInclude Include="ecs.h">
      <Filter>Header files</Filter>
    </ClInclude>
    <ClInclude Include="consts.h">
      <Filter>Header files</Filter>
    </ClInclude>
    <ClInclude Include="AssetsManager.h">
      <Filter>Header files\Managers and factorys</Filter>
    </ClInclude>
    <ClInclude Include="AssetsExceptions.h">
      <Filter>Header files\Exceptions</Filter>
    </ClInclude>
    <ClInclude Include="Component.h">
      <Filter>Header files\Components</Filter>
    </ClInclude>
    <ClInclude Include="Button.h">
      <Filter>Header files\Components</Filter>
    </ClInclude>
    <ClInclude Include="GameState.h">
      <Filter>Header files\GameState</Filter>
    </ClInclude>
    <ClInclude Include="Crouch.h">
      <Filter>Header files\Components</Filter>
    </ClInclude>
    <ClInclude Include="Entity.h">
      <Filter>Header files\Entitys</Filter>
    </ClInclude>
    <ClInclude Include="FactoryMk.h">
      <Filter>Header files\Managers and factorys</Filter>
    </ClInclude>
    <ClInclude Include="CharacterSelection.h">
      <Filter>Header files\GameState</Filter>
    </ClInclude>
    <ClInclude Include="Fight.h">
      <Filter>Header files\GameState</Filter>
    </ClInclude>
    <ClInclude Include="HitboxMng.h">
      <Filter>Header files\Managers and factorys</Filter>
    </ClInclude>
    <ClInclude Include="OptionsLogic.h">
      <Filter>Header files\Components</Filter>
    </ClInclude>
    <ClInclude Include="Health.h">
      <Filter>Header files\Components</Filter>
    </ClInclude>
    <ClInclude Include="GameStateMachine.h">
      <Filter>Header files\Managers and factorys</Filter>
    </ClInclude>
    <ClInclude Include="InputManager.h">
      <Filter>Header files\Managers and factorys</Filter>
    </ClInclude>
    <ClInclude Include="OptionsMenu.h">
      <Filter>Header files\GameState</Filter>
    </ClInclude>
    <ClInclude Include="PauseMenu.h">
      <Filter>Header files\GameState</Filter>
    </ClInclude>
    <ClInclude Include="IndexSlider.h">
      <Filter>Header files\Components</Filter>
    </ClInclude>
    <ClInclude Include="Slider.h">
      <Filter>Header files\Components</Filter>
    </ClInclude>
    <ClInclude Include="PhysicsTransform.h">
      <Filter>Header files\Components</Filter>
    </ClInclude>
    <ClInclude Include="VerticalSlider.h">
      <Filter>Header files\Components</Filter>
    </ClInclude>
    <ClInclude Include="Transform.h">
      <Filter>Header files\Components</Filter>
    </ClInclude>
    <ClInclude Include="TextComponent.h">
      <Filter>Header files\Components</Filter>
    </ClInclude>
    <ClInclude Include="PlayerState.h">
      <Filter>Header files\Components</Filter>
    </ClInclude>
    <ClInclude Include="Training.h">
      <Filter>Header files\GameState</Filter>
    </ClInclude>
    <ClInclude Include="SDLExceptions.h">
      <Filter>Header files\Exceptions</Filter>
    </ClInclude>
    <ClInclude Include="Text.h">
      <Filter>Header files\types</Filter>
    </ClInclude>
    <ClInclude Include="Texture.h">
      <Filter>Header files\types</Filter>
    </ClInclude>
    <ClInclude Include="Vector2D.h">
      <Filter>Header files\types</Filter>
    </ClInclude>
    <ClInclude Include="Jump.h">
      <Filter>Header files\Components</Filter>
    </ClInclude>
    <ClInclude Include="MainMenu.h">
      <Filter>Header files\GameState</Filter>
    </ClInclude>
    <ClInclude Include="UIFactory.h">
      <Filter>Header files\Managers and factorys</Filter>
    </ClInclude>
    <ClInclude Include="WindowManager.h">
      <Filter>Header files\Managers and factorys</Filter>
    </ClInclude>
    <ClInclude Include="SkillSelection.h">
      <Filter>Header files\GameState</Filter>
    </ClInclude>
    <ClInclude Include="RenderAnimation.h">
      <Filter>Header files\Components</Filter>
    </ClInclude>
    <ClInclude Include="RenderImage.h">
      <Filter>Header files\Components</Filter>
    </ClInclude>
    <ClInclude Include="Font.h">
      <Filter>Header files\types</Filter>
    </ClInclude>
    <ClInclude Include="SacoTimer.h">
      <Filter>Header files\Components</Filter>
    </ClInclude>
    <ClInclude Include="SDLDebugDraw.h">
      <Filter>Header files\types</Filter>
    </ClInclude>
    <ClInclude Include="PlayerAttacks.h">
      <Filter>Header files\Components</Filter>
    </ClInclude>
    <ClInclude Include="MoveParser.h">
      <Filter>Header files\types</Filter>
    </ClInclude>
    <ClInclude Include="Move.h">
      <Filter>Header files\types</Filter>
    </ClInclude>
    <ClInclude Include="AnimationChain.h">
      <Filter>Header files\types</Filter>
    </ClInclude>
    <ClInclude Include="EntityManager.h">
      <Filter>Header files\Managers and factorys</Filter>
    </ClInclude>
    <ClInclude Include="PlayerController.h">
      <Filter>Header files\Components</Filter>
    </ClInclude>
    <ClInclude Include="OnHit.h">
      <Filter>Header files\Components</Filter>
    </ClInclude>
    <ClInclude Include="PunchingBagOnHit.h">
      <Filter>Header files\Components</Filter>
    </ClInclude>
    <ClInclude Include="FloorOnHit.h">
      <Filter>Header files\Components</Filter>
    </ClInclude>
    <ClInclude Include="HitboxData.h">
      <Filter>Header files</Filter>
    </ClInclude>
    <ClInclude Include="LinkedGrid.h" />
    <ClInclude Include="NavigationController.h">
      <Filter>Header files\Components</Filter>
    </ClInclude>
    <ClInclude Include="MovementsMenu.h">
      <Filter>Header files\GameState</Filter>
    </ClInclude>
  </ItemGroup>
  <ItemGroup>
    <Filter Include="Header files">
      <UniqueIdentifier>{c65c8628-8e81-4a25-b64c-a5687d5fa14e}</UniqueIdentifier>
    </Filter>
    <Filter Include="Source Files">
      <UniqueIdentifier>{a2c4f23b-2e16-47e9-8dd4-2c950f01ed59}</UniqueIdentifier>
    </Filter>
    <Filter Include="Source Files\Component">
      <UniqueIdentifier>{79c884df-4b31-4994-8771-e51a38021fcf}</UniqueIdentifier>
    </Filter>
    <Filter Include="Header files\Components">
      <UniqueIdentifier>{a7c099b8-457b-4813-9ddb-02fdcb35ce41}</UniqueIdentifier>
    </Filter>
    <Filter Include="Header files\Entitys">
      <UniqueIdentifier>{d89f4c83-4f66-4aee-8646-fb36c35d4673}</UniqueIdentifier>
    </Filter>
    <Filter Include="Header files\Exceptions">
      <UniqueIdentifier>{7f74ece4-a03f-467c-8f8f-f555dcfb0e00}</UniqueIdentifier>
    </Filter>
    <Filter Include="Header files\GameState">
      <UniqueIdentifier>{9f6b30f0-fd8c-41b3-8f56-06d41e32abb0}</UniqueIdentifier>
    </Filter>
    <Filter Include="Header files\listeners">
      <UniqueIdentifier>{18d04ed8-c573-40a6-a897-ab56628383d9}</UniqueIdentifier>
    </Filter>
    <Filter Include="Source Files\Manager and factorys">
      <UniqueIdentifier>{93ba5123-48ec-49d2-ae69-9ddb772cc77b}</UniqueIdentifier>
    </Filter>
    <Filter Include="Header files\Managers and factorys">
      <UniqueIdentifier>{5e0e2b7a-0be3-4397-b253-d5783acd59a8}</UniqueIdentifier>
    </Filter>
    <Filter Include="Source Files\Entitys">
      <UniqueIdentifier>{3456c557-1dda-469e-9cc1-327593c35442}</UniqueIdentifier>
    </Filter>
    <Filter Include="Source Files\GameState">
      <UniqueIdentifier>{1f78502d-43de-41cd-b393-e300d52effed}</UniqueIdentifier>
    </Filter>
    <Filter Include="Source Files\type">
      <UniqueIdentifier>{41e6a81d-749c-4cd6-946f-63ac0b631e5a}</UniqueIdentifier>
    </Filter>
    <Filter Include="Header files\types">
      <UniqueIdentifier>{579bef71-c772-4b10-a52a-a5d13521f943}</UniqueIdentifier>
    </Filter>
  </ItemGroup>
</Project>